{
    "name": "xuantie-syntax",
    "version": "1.0.1",
    "lockfileVersion": 3,
    "requires": true,
    "packages": {
        "": {
            "name": "xuantie-syntax",
            "version": "1.0.1",
            "dependencies": {
                "pinyin-match": "^1.2.10"
            },
            "engines": {
                "vscode": "^1.60.0"
            }
        },
        "node_modules/pinyin-match": {
            "version": "1.2.10",
            "resolved": "https://registry.npmjs.org/pinyin-match/-/pinyin-match-1.2.10.tgz",
            "integrity": "sha512-Xo1uMd9n56/xP2EAn7yfApnTmAGCLGqxFIm1fuOnSMty0xhqRF3+ZwVjp2yWFD/alv60RUWa/cZoQSeTSp1HxA==",
            "license": "MIT"
        }
    }
}
